
Microsoft Visual Studio Solution File, Format Version 12.00
# Visual Studio Version 16
VisualStudioVersion = 16.0.30621.155
MinimumVisualStudioVersion = 10.0.40219.1
Project("{FAE04EC0-301F-11D3-BF4B-00C04F79EFBC}") = "RSA", "RSA\RSA.csproj", "{DC9D8169-B5DD-47E1-8352-CA4DB41DA834}"
EndProject
Global
	GlobalSection(SolutionConfigurationPlatforms) = preSolution
		Debug|Any CPU = Debug|Any CPU
		Release|Any CPU = Release|Any CPU
	EndGlobalSection
	GlobalSection(ProjectConfigurationPlatforms) = postSolution
		{DC9D8169-B5DD-47E1-8352-CA4DB41DA834}.Debug|Any CPU.ActiveCfg = Debug|Any CPU
		{DC9D8169-B5DD-47E1-8352-CA4DB41DA834}.Debug|Any CPU.Build.0 = Debug|Any CPU
		{DC9D8169-B5DD-47E1-8352-CA4DB41DA834}.Release|Any CPU.ActiveCfg = Release|Any CPU
		{DC9D8169-B5DD-47E1-8352-CA4DB41DA834}.Release|Any CPU.Build.0 = Release|Any CPU
	EndGlobalSection
	GlobalSection(SolutionProperties) = preSolution
		HideSolutionNode = FALSE
	EndGlobalSection
	GlobalSection(ExtensibilityGlobals) = postSolution
		SolutionGuid = {D7685FB3-9ED0-4BE1-A6AF-C966179ABE01}
	EndGlobalSection
EndGlobal
